// !$*UTF8*$!
{
	archiveVersion = 1;
	classes = {};
	objectVersion = 56;
	objects = {

/* Begin PBXBuildFile section */
		100000000000000000000001 /* AppDelegate.swift in Sources */ = {isa = PBXBuildFile; fileRef = 200000000000000000000001 /* AppDelegate.swift */; };
		100000000000000000000002 /* PreviewViewController.swift in Sources */ = {isa = PBXBuildFile; fileRef = 200000000000000000000002 /* PreviewViewController.swift */; };
		100000000000000000000003 /* MarkdownRenderer.swift in Sources */ = {isa = PBXBuildFile; fileRef = 200000000000000000000003 /* MarkdownRenderer.swift */; };
		100000000000000000000004 /* MarkdownPreview.appex in Embed App Extensions */ = {isa = PBXBuildFile; fileRef = 200000000000000000000005 /* MarkdownPreview.appex */; settings = {ATTRIBUTES = (RemoveHeadersOnCopy, ); }; };
		100000000000000000000005 /* AppKit.framework in Frameworks */ = {isa = PBXBuildFile; fileRef = 200000000000000000000008 /* AppKit.framework */; };
		100000000000000000000006 /* AppKit.framework in Frameworks */ = {isa = PBXBuildFile; fileRef = 200000000000000000000008 /* AppKit.framework */; };
		100000000000000000000007 /* QuickLookUI.framework in Frameworks */ = {isa = PBXBuildFile; fileRef = 200000000000000000000009 /* QuickLookUI.framework */; };
		100000000000000000000008 /* WebKit.framework in Frameworks */ = {isa = PBXBuildFile; fileRef = 20000000000000000000000A /* WebKit.framework */; };
/* End PBXBuildFile section */

/* Begin PBXContainerItemProxy section */
		300000000000000000000001 /* PBXContainerItemProxy */ = {
			isa = PBXContainerItemProxy;
			containerPortal = 400000000000000000000001 /* Project object */;
			proxyType = 1;
			remoteGlobalIDString = 500000000000000000000002;
			remoteInfo = MarkdownPreview;
		};
/* End PBXContainerItemProxy section */

/* Begin PBXCopyFilesBuildPhase section */
		600000000000000000000001 /* Embed App Extensions */ = {
			isa = PBXCopyFilesBuildPhase;
			buildActionMask = 2147483647;
			dstPath = "";
			dstSubfolderSpec = 13;
			files = (100000000000000000000004 /* MarkdownPreview.appex in Embed App Extensions */, );
			name = "Embed App Extensions";
			runOnlyForDeploymentPostprocessing = 0;
		};
/* End PBXCopyFilesBuildPhase section */

/* Begin PBXFileReference section */
		200000000000000000000001 /* AppDelegate.swift */ = {isa = PBXFileReference; lastKnownFileType = sourcecode.swift; path = AppDelegate.swift; sourceTree = "<group>"; };
		200000000000000000000002 /* PreviewViewController.swift */ = {isa = PBXFileReference; lastKnownFileType = sourcecode.swift; path = PreviewViewController.swift; sourceTree = "<group>"; };
		200000000000000000000003 /* MarkdownRenderer.swift */ = {isa = PBXFileReference; lastKnownFileType = sourcecode.swift; path = MarkdownRenderer.swift; sourceTree = "<group>"; };
		200000000000000000000004 /* MarkdownQuickLook.app */ = {isa = PBXFileReference; explicitFileType = wrapper.application; includeInIndex = 0; path = MarkdownQuickLook.app; sourceTree = BUILT_PRODUCTS_DIR; };
		200000000000000000000005 /* MarkdownPreview.appex */ = {isa = PBXFileReference; explicitFileType = "wrapper.app-extension"; includeInIndex = 0; path = MarkdownPreview.appex; sourceTree = BUILT_PRODUCTS_DIR; };
		200000000000000000000006 /* Info.plist */ = {isa = PBXFileReference; lastKnownFileType = text.plist.xml; path = Info.plist; sourceTree = "<group>"; };
		200000000000000000000007 /* Info.plist */ = {isa = PBXFileReference; lastKnownFileType = text.plist.xml; path = Info.plist; sourceTree = "<group>"; };
		200000000000000000000008 /* AppKit.framework */ = {isa = PBXFileReference; lastKnownFileType = wrapper.framework; name = AppKit.framework; path = System/Library/Frameworks/AppKit.framework; sourceTree = SDKROOT; };
		200000000000000000000009 /* QuickLookUI.framework */ = {isa = PBXFileReference; lastKnownFileType = wrapper.framework; name = QuickLookUI.framework; path = System/Library/Frameworks/QuickLookUI.framework; sourceTree = SDKROOT; };
		20000000000000000000000A /* WebKit.framework */ = {isa = PBXFileReference; lastKnownFileType = wrapper.framework; name = WebKit.framework; path = System/Library/Frameworks/WebKit.framework; sourceTree = SDKROOT; };
		20000000000000000000000B /* MarkdownQuickLook.entitlements */ = {isa = PBXFileReference; lastKnownFileType = text.plist.entitlements; path = MarkdownQuickLook.entitlements; sourceTree = "<group>"; };
		20000000000000000000000C /* MarkdownPreview.entitlements */ = {isa = PBXFileReference; lastKnownFileType = text.plist.entitlements; path = MarkdownPreview.entitlements; sourceTree = "<group>"; };
		20000000000000000000000D /* README.md */ = {isa = PBXFileReference; lastKnownFileType = net.daringfireball.markdown; path = README.md; sourceTree = "<group>"; };
/* End PBXFileReference section */

/* Begin PBXFrameworksBuildPhase section */
		700000000000000000000001 /* Frameworks */ = {isa = PBXFrameworksBuildPhase; buildActionMask = 2147483647; files = (100000000000000000000005, ); runOnlyForDeploymentPostprocessing = 0; };
		700000000000000000000002 /* Frameworks */ = {isa = PBXFrameworksBuildPhase; buildActionMask = 2147483647; files = (100000000000000000000006, 100000000000000000000007, 100000000000000000000008, ); runOnlyForDeploymentPostprocessing = 0; };
/* End PBXFrameworksBuildPhase section */

/* Begin PBXGroup section */
		800000000000000000000001 = {
			isa = PBXGroup;
			children = (800000000000000000000002, 800000000000000000000003, 800000000000000000000004, 20000000000000000000000D, 800000000000000000000005, );
			sourceTree = "<group>";
		};
		800000000000000000000002 /* MarkdownQuickLook */ = {isa = PBXGroup; children = (200000000000000000000001, 200000000000000000000006, 20000000000000000000000B, ); path = MarkdownQuickLook; sourceTree = "<group>"; };
		800000000000000000000003 /* MarkdownPreview */ = {isa = PBXGroup; children = (200000000000000000000002, 200000000000000000000003, 200000000000000000000007, 20000000000000000000000C, ); path = MarkdownPreview; sourceTree = "<group>"; };
		800000000000000000000004 /* Frameworks */ = {isa = PBXGroup; children = (200000000000000000000008, 200000000000000000000009, 20000000000000000000000A, ); name = Frameworks; sourceTree = "<group>"; };
		800000000000000000000005 /* Products */ = {isa = PBXGroup; children = (200000000000000000000004, 200000000000000000000005, ); name = Products; sourceTree = "<group>"; };
/* End PBXGroup section */

/* Begin PBXNativeTarget section */
		500000000000000000000001 /* MarkdownQuickLook */ = {
			isa = PBXNativeTarget;
			buildConfigurationList = 900000000000000000000002;
			buildPhases = (A00000000000000000000001, 700000000000000000000001, A00000000000000000000003, 600000000000000000000001, );
			buildRules = ();
			dependencies = (B00000000000000000000001, );
			name = MarkdownQuickLook;
			productName = MarkdownQuickLook;
			productReference = 200000000000000000000004;
			productType = "com.apple.product-type.application";
		};
		500000000000000000000002 /* MarkdownPreview */ = {
			isa = PBXNativeTarget;
			buildConfigurationList = 900000000000000000000003;
			buildPhases = (A00000000000000000000002, 700000000000000000000002, A00000000000000000000004, );
			buildRules = ();
			dependencies = ();
			name = MarkdownPreview;
			productName = MarkdownPreview;
			productReference = 200000000000000000000005;
			productType = "com.apple.product-type.app-extension";
		};
/* End PBXNativeTarget section */

/* Begin PBXProject section */
		400000000000000000000001 /* Project object */ = {
			isa = PBXProject;
			attributes = {BuildIndependentTargetsInParallel = 1; LastSwiftUpdateCheck = 2660; LastUpgradeCheck = 2660; TargetAttributes = {500000000000000000000001 = {CreatedOnToolsVersion = 26.6; }; 500000000000000000000002 = {CreatedOnToolsVersion = 26.6; }; }; };
			buildConfigurationList = 900000000000000000000001;
			compatibilityVersion = "Xcode 14.0";
			developmentRegion = en;
			hasScannedForEncodings = 0;
			knownRegions = (en, Base, );
			mainGroup = 800000000000000000000001;
			productRefGroup = 800000000000000000000005;
			projectDirPath = "";
			projectRoot = "";
			targets = (500000000000000000000001, 500000000000000000000002, );
		};
/* End PBXProject section */

/* Begin PBXResourcesBuildPhase section */
		A00000000000000000000003 /* Resources */ = {isa = PBXResourcesBuildPhase; buildActionMask = 2147483647; files = (); runOnlyForDeploymentPostprocessing = 0; };
		A00000000000000000000004 /* Resources */ = {isa = PBXResourcesBuildPhase; buildActionMask = 2147483647; files = (); runOnlyForDeploymentPostprocessing = 0; };
/* End PBXResourcesBuildPhase section */

/* Begin PBXSourcesBuildPhase section */
		A00000000000000000000001 /* Sources */ = {isa = PBXSourcesBuildPhase; buildActionMask = 2147483647; files = (100000000000000000000001, ); runOnlyForDeploymentPostprocessing = 0; };
		A00000000000000000000002 /* Sources */ = {isa = PBXSourcesBuildPhase; buildActionMask = 2147483647; files = (100000000000000000000002, 100000000000000000000003, ); runOnlyForDeploymentPostprocessing = 0; };
/* End PBXSourcesBuildPhase section */

/* Begin PBXTargetDependency section */
		B00000000000000000000001 /* PBXTargetDependency */ = {isa = PBXTargetDependency; target = 500000000000000000000002; targetProxy = 300000000000000000000001; };
/* End PBXTargetDependency section */

/* Begin XCBuildConfiguration section */
		C00000000000000000000001 /* Debug */ = {isa = XCBuildConfiguration; buildSettings = {CLANG_ENABLE_MODULES = YES; MACOSX_DEPLOYMENT_TARGET = 13.0; SDKROOT = macosx; SWIFT_VERSION = 5.0; }; name = Debug; };
		C00000000000000000000002 /* Release */ = {isa = XCBuildConfiguration; buildSettings = {CLANG_ENABLE_MODULES = YES; MACOSX_DEPLOYMENT_TARGET = 13.0; SDKROOT = macosx; SWIFT_COMPILATION_MODE = wholemodule; SWIFT_OPTIMIZATION_LEVEL = "-O"; SWIFT_VERSION = 5.0; }; name = Release; };
		C00000000000000000000003 /* Debug */ = {isa = XCBuildConfiguration; buildSettings = {CODE_SIGN_ENTITLEMENTS = MarkdownQuickLook/MarkdownQuickLook.entitlements; CODE_SIGN_STYLE = Automatic; COMBINE_HIDPI_IMAGES = YES; INFOPLIST_FILE = MarkdownQuickLook/Info.plist; LD_RUNPATH_SEARCH_PATHS = "$(inherited) @executable_path/../Frameworks"; PRODUCT_BUNDLE_IDENTIFIER = com.matrunchyk.MarkdownQuickLook; PRODUCT_NAME = "$(TARGET_NAME)"; SWIFT_EMIT_LOC_STRINGS = YES; }; name = Debug; };
		C00000000000000000000004 /* Release */ = {isa = XCBuildConfiguration; buildSettings = {CODE_SIGN_ENTITLEMENTS = MarkdownQuickLook/MarkdownQuickLook.entitlements; CODE_SIGN_STYLE = Automatic; COMBINE_HIDPI_IMAGES = YES; INFOPLIST_FILE = MarkdownQuickLook/Info.plist; LD_RUNPATH_SEARCH_PATHS = "$(inherited) @executable_path/../Frameworks"; PRODUCT_BUNDLE_IDENTIFIER = com.matrunchyk.MarkdownQuickLook; PRODUCT_NAME = "$(TARGET_NAME)"; SWIFT_EMIT_LOC_STRINGS = YES; }; name = Release; };
		C00000000000000000000005 /* Debug */ = {isa = XCBuildConfiguration; buildSettings = {APPLICATION_EXTENSION_API_ONLY = YES; CODE_SIGN_ENTITLEMENTS = MarkdownPreview/MarkdownPreview.entitlements; CODE_SIGN_STYLE = Automatic; INFOPLIST_FILE = MarkdownPreview/Info.plist; LD_RUNPATH_SEARCH_PATHS = "$(inherited) @executable_path/../Frameworks @executable_path/../../../../Frameworks"; PRODUCT_BUNDLE_IDENTIFIER = com.matrunchyk.MarkdownQuickLook.Preview; PRODUCT_NAME = "$(TARGET_NAME)"; SKIP_INSTALL = YES; SWIFT_EMIT_LOC_STRINGS = YES; }; name = Debug; };
		C00000000000000000000006 /* Release */ = {isa = XCBuildConfiguration; buildSettings = {APPLICATION_EXTENSION_API_ONLY = YES; CODE_SIGN_ENTITLEMENTS = MarkdownPreview/MarkdownPreview.entitlements; CODE_SIGN_STYLE = Automatic; INFOPLIST_FILE = MarkdownPreview/Info.plist; LD_RUNPATH_SEARCH_PATHS = "$(inherited) @executable_path/../Frameworks @executable_path/../../../../Frameworks"; PRODUCT_BUNDLE_IDENTIFIER = com.matrunchyk.MarkdownQuickLook.Preview; PRODUCT_NAME = "$(TARGET_NAME)"; SKIP_INSTALL = YES; SWIFT_EMIT_LOC_STRINGS = YES; }; name = Release; };
/* End XCBuildConfiguration section */

/* Begin XCConfigurationList section */
		900000000000000000000001 /* Build configuration list for PBXProject */ = {isa = XCConfigurationList; buildConfigurations = (C00000000000000000000001, C00000000000000000000002, ); defaultConfigurationIsVisible = 0; defaultConfigurationName = Release; };
		900000000000000000000002 /* Build configuration list for PBXNativeTarget */ = {isa = XCConfigurationList; buildConfigurations = (C00000000000000000000003, C00000000000000000000004, ); defaultConfigurationIsVisible = 0; defaultConfigurationName = Release; };
		900000000000000000000003 /* Build configuration list for PBXNativeTarget */ = {isa = XCConfigurationList; buildConfigurations = (C00000000000000000000005, C00000000000000000000006, ); defaultConfigurationIsVisible = 0; defaultConfigurationName = Release; };
/* End XCConfigurationList section */
	};
	rootObject = 400000000000000000000001 /* Project object */;
}
